
Microsoft Visual Studio Solution File, Format Version 10.00
# Visual Studio 2008
Project("{FAE04EC0-301F-11D3-BF4B-00C04F79EFBC}") = "ukt4dotnet.sh.gens.demo", "ukt4dotnet.sh.gens.demo\ukt4dotnet.sh.gens.demo.csproj", "{A04D7F5F-6DA3-4E83-854C-46C4FBCB921E}"
EndProject
Project("{FAE04EC0-301F-11D3-BF4B-00C04F79EFBC}") = "ukt4dotnet.sh.utils", "..\..\..\..\..\packages\ukt4dotnet\ukt4dotnet-vs-2008-expr\ukt4dotnet\ukt4dotnet.sh.utils\ukt4dotnet.sh.utils\ukt4dotnet.sh.utils.csproj", "{27A6688D-25C7-48F8-9853-661632856CC2}"
EndProject
Project("{FAE04EC0-301F-11D3-BF4B-00C04F79EFBC}") = "ukt4dotnet.sh.gens", "..\..\..\..\..\packages\ukt4dotnet\ukt4dotnet-vs-2008-expr\ukt4dotnet\ukt4dotnet.sh.gens\ukt4dotnet.sh.gens\ukt4dotnet.sh.gens.csproj", "{F6584825-CC54-4224-B032-B1DE8B91E0D0}"
EndProject
Project("{FAE04EC0-301F-11D3-BF4B-00C04F79EFBC}") = "ukt4dotnet.sh.objs", "..\..\..\..\..\packages\ukt4dotnet\ukt4dotnet-vs-2008-expr\ukt4dotnet\ukt4dotnet.sh.objs\ukt4dotnet.sh.objs\ukt4dotnet.sh.objs.csproj", "{EEBA92C2-B28A-42EB-B1F4-BF57C5C17833}"
EndProject
Global
	GlobalSection(SolutionConfigurationPlatforms) = preSolution
		Debug|Any CPU = Debug|Any CPU
		Release|Any CPU = Release|Any CPU
	EndGlobalSection
	GlobalSection(ProjectConfigurationPlatforms) = postSolution
		{A04D7F5F-6DA3-4E83-854C-46C4FBCB921E}.Debug|Any CPU.ActiveCfg = Debug|Any CPU
		{A04D7F5F-6DA3-4E83-854C-46C4FBCB921E}.Debug|Any CPU.Build.0 = Debug|Any CPU
		{A04D7F5F-6DA3-4E83-854C-46C4FBCB921E}.Release|Any CPU.ActiveCfg = Release|Any CPU
		{A04D7F5F-6DA3-4E83-854C-46C4FBCB921E}.Release|Any CPU.Build.0 = Release|Any CPU
		{27A6688D-25C7-48F8-9853-661632856CC2}.Debug|Any CPU.ActiveCfg = Debug|Any CPU
		{27A6688D-25C7-48F8-9853-661632856CC2}.Debug|Any CPU.Build.0 = Debug|Any CPU
		{27A6688D-25C7-48F8-9853-661632856CC2}.Release|Any CPU.ActiveCfg = Release|Any CPU
		{27A6688D-25C7-48F8-9853-661632856CC2}.Release|Any CPU.Build.0 = Release|Any CPU
		{F6584825-CC54-4224-B032-B1DE8B91E0D0}.Debug|Any CPU.ActiveCfg = Debug|Any CPU
		{F6584825-CC54-4224-B032-B1DE8B91E0D0}.Debug|Any CPU.Build.0 = Debug|Any CPU
		{F6584825-CC54-4224-B032-B1DE8B91E0D0}.Release|Any CPU.ActiveCfg = Release|Any CPU
		{F6584825-CC54-4224-B032-B1DE8B91E0D0}.Release|Any CPU.Build.0 = Release|Any CPU
		{EEBA92C2-B28A-42EB-B1F4-BF57C5C17833}.Debug|Any CPU.ActiveCfg = Debug|Any CPU
		{EEBA92C2-B28A-42EB-B1F4-BF57C5C17833}.Debug|Any CPU.Build.0 = Debug|Any CPU
		{EEBA92C2-B28A-42EB-B1F4-BF57C5C17833}.Release|Any CPU.ActiveCfg = Release|Any CPU
		{EEBA92C2-B28A-42EB-B1F4-BF57C5C17833}.Release|Any CPU.Build.0 = Release|Any CPU
	EndGlobalSection
	GlobalSection(SolutionProperties) = preSolution
		HideSolutionNode = FALSE
	EndGlobalSection
EndGlobal
